// !$*UTF8*$!
{
	archiveVersion = 1;
	classes = {
	};
	objectVersion = 56;
	objects = {

/* Begin PBXBuildFile section */
		B0A6FFC52D3D769C00D0CF15 /* AppDelegate.swift in Sources */ = {isa = PBXBuildFile; fileRef = B0A6FFC42D3D769C00D0CF15 /* AppDelegate.swift */; };
		B0A6FFC92D3D769C00D0CF15 /* ViewController.swift in Sources */ = {isa = PBXBuildFile; fileRef = B0A6FFC82D3D769C00D0CF15 /* ViewController.swift */; };
		B0A6FFCC2D3D769C00D0CF15 /* Main.storyboard in Resources */ = {isa = PBXBuildFile; fileRef = B0A6FFCA2D3D769C00D0CF15 /* Main.storyboard */; };
		B0A6FFCF2D3D769C00D0CF15 /* MyDatabase.xcdatamodeld in Sources */ = {isa = PBXBuildFile; fileRef = B0A6FFCD2D3D769C00D0CF15 /* MyDatabase.xcdatamodeld */; };
		B0A6FFD12D3D769D00D0CF15 /* Assets.xcassets in Resources */ = {isa = PBXBuildFile; fileRef = B0A6FFD02D3D769D00D0CF15 /* Assets.xcassets */; };
		B0A6FFD42D3D769D00D0CF15 /* LaunchScreen.storyboard in Resources */ = {isa = PBXBuildFile; fileRef = B0A6FFD22D3D769D00D0CF15 /* LaunchScreen.storyboard */; };
		B0A6FFDD2D3D76EB00D0CF15 /* CKPublicDBManager.swift in Sources */ = {isa = PBXBuildFile; fileRef = B0A6FFDC2D3D76EB00D0CF15 /* CKPublicDBManager.swift */; };
/* End PBXBuildFile section */

/* Begin PBXFileReference section */
		B0A6FFC12D3D769C00D0CF15 /* CloudKitPublicDBSyncTesting.app */ = {isa = PBXFileReference; explicitFileType = wrapper.application; includeInIndex = 0; path = CloudKitPublicDBSyncTesting.app; sourceTree = BUILT_PRODUCTS_DIR; };
		B0A6FFC42D3D769C00D0CF15 /* AppDelegate.swift */ = {isa = PBXFileReference; lastKnownFileType = sourcecode.swift; path = AppDelegate.swift; sourceTree = "<group>"; };
		B0A6FFC82D3D769C00D0CF15 /* ViewController.swift */ = {isa = PBXFileReference; lastKnownFileType = sourcecode.swift; path = ViewController.swift; sourceTree = "<group>"; };
		B0A6FFCB2D3D769C00D0CF15 /* Base */ = {isa = PBXFileReference; lastKnownFileType = file.storyboard; name = Base; path = Base.lproj/Main.storyboard; sourceTree = "<group>"; };
		B0A6FFCE2D3D769C00D0CF15 /* CloudKitPublicDBSyncTesting.xcdatamodel */ = {isa = PBXFileReference; lastKnownFileType = wrapper.xcdatamodel; path = CloudKitPublicDBSyncTesting.xcdatamodel; sourceTree = "<group>"; };
		B0A6FFD02D3D769D00D0CF15 /* Assets.xcassets */ = {isa = PBXFileReference; lastKnownFileType = folder.assetcatalog; path = Assets.xcassets; sourceTree = "<group>"; };
		B0A6FFD32D3D769D00D0CF15 /* Base */ = {isa = PBXFileReference; lastKnownFileType = file.storyboard; name = Base; path = Base.lproj/LaunchScreen.storyboard; sourceTree = "<group>"; };
		B0A6FFD52D3D769D00D0CF15 /* CloudKitPublicDBSyncTesting.entitlements */ = {isa = PBXFileReference; lastKnownFileType = text.plist.entitlements; path = CloudKitPublicDBSyncTesting.entitlements; sourceTree = "<group>"; };
		B0A6FFD62D3D769D00D0CF15 /* Info.plist */ = {isa = PBXFileReference; lastKnownFileType = text.plist.xml; path = Info.plist; sourceTree = "<group>"; };
		B0A6FFDC2D3D76EB00D0CF15 /* CKPublicDBManager.swift */ = {isa = PBXFileReference; fileEncoding = 4; lastKnownFileType = sourcecode.swift; path = CKPublicDBManager.swift; sourceTree = "<group>"; };
/* End PBXFileReference section */

/* Begin PBXFrameworksBuildPhase section */
		B0A6FFBE2D3D769C00D0CF15 /* Frameworks */ = {
			isa = PBXFrameworksBuildPhase;
			buildActionMask = 2147483647;
			files = (
			);
			runOnlyForDeploymentPostprocessing = 0;
		};
/* End PBXFrameworksBuildPhase section */

/* Begin PBXGroup section */
		B0A6FFB82D3D769C00D0CF15 = {
			isa = PBXGroup;
			children = (
				B0A6FFC32D3D769C00D0CF15 /* CloudKitPublicDBSyncTesting */,
				B0A6FFC22D3D769C00D0CF15 /* Products */,
			);
			sourceTree = "<group>";
		};
		B0A6FFC22D3D769C00D0CF15 /* Products */ = {
			isa = PBXGroup;
			children = (
				B0A6FFC12D3D769C00D0CF15 /* CloudKitPublicDBSyncTesting.app */,
			);
			name = Products;
			sourceTree = "<group>";
		};
		B0A6FFC32D3D769C00D0CF15 /* CloudKitPublicDBSyncTesting */ = {
			isa = PBXGroup;
			children = (
				B0A6FFDC2D3D76EB00D0CF15 /* CKPublicDBManager.swift */,
				B0A6FFC42D3D769C00D0CF15 /* AppDelegate.swift */,
				B0A6FFC82D3D769C00D0CF15 /* ViewController.swift */,
				B0A6FFCA2D3D769C00D0CF15 /* Main.storyboard */,
				B0A6FFD02D3D769D00D0CF15 /* Assets.xcassets */,
				B0A6FFD22D3D769D00D0CF15 /* LaunchScreen.storyboard */,
				B0A6FFD52D3D769D00D0CF15 /* CloudKitPublicDBSyncTesting.entitlements */,
				B0A6FFD62D3D769D00D0CF15 /* Info.plist */,
				B0A6FFCD2D3D769C00D0CF15 /* MyDatabase.xcdatamodeld */,
			);
			path = CloudKitPublicDBSyncTesting;
			sourceTree = "<group>";
		};
/* End PBXGroup section */

/* Begin PBXNativeTarget section */
		B0A6FFC02D3D769C00D0CF15 /* CloudKitPublicDBSyncTesting */ = {
			isa = PBXNativeTarget;
			buildConfigurationList = B0A6FFD92D3D769D00D0CF15 /* Build configuration list for PBXNativeTarget "CloudKitPublicDBSyncTesting" */;
			buildPhases = (
				B0A6FFBD2D3D769C00D0CF15 /* Sources */,
				B0A6FFBE2D3D769C00D0CF15 /* Frameworks */,
				B0A6FFBF2D3D769C00D0CF15 /* Resources */,
			);
			buildRules = (
			);
			dependencies = (
			);
			name = CloudKitPublicDBSyncTesting;
			productName = CloudKitPublicDBSyncTesting;
			productReference = B0A6FFC12D3D769C00D0CF15 /* CloudKitPublicDBSyncTesting.app */;
			productType = "com.apple.product-type.application";
		};
/* End PBXNativeTarget section */

/* Begin PBXProject section */
		B0A6FFB92D3D769C00D0CF15 /* Project object */ = {
			isa = PBXProject;
			attributes = {
				BuildIndependentTargetsInParallel = 1;
				LastSwiftUpdateCheck = 1520;
				LastUpgradeCheck = 1520;
				TargetAttributes = {
					B0A6FFC02D3D769C00D0CF15 = {
						CreatedOnToolsVersion = 15.2;
					};
				};
			};
			buildConfigurationList = B0A6FFBC2D3D769C00D0CF15 /* Build configuration list for PBXProject "CloudKitPublicDBSyncTesting" */;
			compatibilityVersion = "Xcode 14.0";
			developmentRegion = en;
			hasScannedForEncodings = 0;
			knownRegions = (
				en,
				Base,
			);
			mainGroup = B0A6FFB82D3D769C00D0CF15;
			productRefGroup = B0A6FFC22D3D769C00D0CF15 /* Products */;
			projectDirPath = "";
			projectRoot = "";
			targets = (
				B0A6FFC02D3D769C00D0CF15 /* CloudKitPublicDBSyncTesting */,
			);
		};
/* End PBXProject section */

/* Begin PBXResourcesBuildPhase section */
		B0A6FFBF2D3D769C00D0CF15 /* Resources */ = {
			isa = PBXResourcesBuildPhase;
			buildActionMask = 2147483647;
			files = (
				B0A6FFD42D3D769D00D0CF15 /* LaunchScreen.storyboard in Resources */,
				B0A6FFD12D3D769D00D0CF15 /* Assets.xcassets in Resources */,
				B0A6FFCC2D3D769C00D0CF15 /* Main.storyboard in Resources */,
			);
			runOnlyForDeploymentPostprocessing = 0;
		};
/* End PBXResourcesBuildPhase section */

/* Begin PBXSourcesBuildPhase section */
		B0A6FFBD2D3D769C00D0CF15 /* Sources */ = {
			isa = PBXSourcesBuildPhase;
			buildActionMask = 2147483647;
			files = (
				B0A6FFC92D3D769C00D0CF15 /* ViewController.swift in Sources */,
				B0A6FFDD2D3D76EB00D0CF15 /* CKPublicDBManager.swift in Sources */,
				B0A6FFC52D3D769C00D0CF15 /* AppDelegate.swift in Sources */,
				B0A6FFCF2D3D769C00D0CF15 /* MyDatabase.xcdatamodeld in Sources */,
			);
			runOnlyForDeploymentPostprocessing = 0;
		};
/* End PBXSourcesBuildPhase section */

/* Begin PBXVariantGroup section */
		B0A6FFCA2D3D769C00D0CF15 /* Main.storyboard */ = {
			isa = PBXVariantGroup;
			children = (
				B0A6FFCB2D3D769C00D0CF15 /* Base */,
			);
			name = Main.storyboard;
			sourceTree = "<group>";
		};
		B0A6FFD22D3D769D00D0CF15 /* LaunchScreen.storyboard */ = {
			isa = PBXVariantGroup;
			children = (
				B0A6FFD32D3D769D00D0CF15 /* Base */,
			);
			name = LaunchScreen.storyboard;
			sourceTree = "<group>";
		};
/* End PBXVariantGroup section */

/* Begin XCBuildConfiguration section */
		B0A6FFD72D3D769D00D0CF15 /* Debug */ = {
			isa = XCBuildConfiguration;
			buildSettings = {
				ALWAYS_SEARCH_USER_PATHS = NO;
				ASSETCATALOG_COMPILER_GENERATE_SWIFT_ASSET_SYMBOL_EXTENSIONS = YES;
				CLANG_ANALYZER_NONNULL = YES;
				CLANG_ANALYZER_NUMBER_OBJECT_CONVERSION = YES_AGGRESSIVE;
				CLANG_CXX_LANGUAGE_STANDARD = "gnu++20";
				CLANG_ENABLE_MODULES = YES;
				CLANG_ENABLE_OBJC_ARC = YES;
				CLANG_ENABLE_OBJC_WEAK = YES;
				CLANG_WARN_BLOCK_CAPTURE_AUTORELEASING = YES;
				CLANG_WARN_BOOL_CONVERSION = YES;
				CLANG_WARN_COMMA = YES;
				CLANG_WARN_CONSTANT_CONVERSION = YES;
				CLANG_WARN_DEPRECATED_OBJC_IMPLEMENTATIONS = YES;
				CLANG_WARN_DIRECT_OBJC_ISA_USAGE = YES_ERROR;
				CLANG_WARN_DOCUMENTATION_COMMENTS = YES;
				CLANG_WARN_EMPTY_BODY = YES;
				CLANG_WARN_ENUM_CONVERSION = YES;
				CLANG_WARN_INFINITE_RECURSION = YES;
				CLANG_WARN_INT_CONVERSION = YES;
				CLANG_WARN_NON_LITERAL_NULL_CONVERSION = YES;
				CLANG_WARN_OBJC_IMPLICIT_RETAIN_SELF = YES;
				CLANG_WARN_OBJC_LITERAL_CONVERSION = YES;
				CLANG_WARN_OBJC_ROOT_CLASS = YES_ERROR;
				CLANG_WARN_QUOTED_INCLUDE_IN_FRAMEWORK_HEADER = YES;
				CLANG_WARN_RANGE_LOOP_ANALYSIS = YES;
				CLANG_WARN_STRICT_PROTOTYPES = YES;
				CLANG_WARN_SUSPICIOUS_MOVE = YES;
				CLANG_WARN_UNGUARDED_AVAILABILITY = YES_AGGRESSIVE;
				CLANG_WARN_UNREACHABLE_CODE = YES;
				CLANG_WARN__DUPLICATE_METHOD_MATCH = YES;
				COPY_PHASE_STRIP = NO;
				DEBUG_INFORMATION_FORMAT = dwarf;
				ENABLE_STRICT_OBJC_MSGSEND = YES;
				ENABLE_TESTABILITY = YES;
				ENABLE_USER_SCRIPT_SANDBOXING = YES;
				GCC_C_LANGUAGE_STANDARD = gnu17;
				GCC_DYNAMIC_NO_PIC = NO;
				GCC_NO_COMMON_BLOCKS = YES;
				GCC_OPTIMIZATION_LEVEL = 0;
				GCC_PREPROCESSOR_DEFINITIONS = (
					"DEBUG=1",
					"$(inherited)",
				);
				GCC_WARN_64_TO_32_BIT_CONVERSION = YES;
				GCC_WARN_ABOUT_RETURN_TYPE = YES_ERROR;
				GCC_WARN_UNDECLARED_SELECTOR = YES;
				GCC_WARN_UNINITIALIZED_AUTOS = YES_AGGRESSIVE;
				GCC_WARN_UNUSED_FUNCTION = YES;
				GCC_WARN_UNUSED_VARIABLE = YES;
				IPHONEOS_DEPLOYMENT_TARGET = 17.2;
				LOCALIZATION_PREFERS_STRING_CATALOGS = YES;
				MTL_ENABLE_DEBUG_INFO = INCLUDE_SOURCE;
				MTL_FAST_MATH = YES;
				ONLY_ACTIVE_ARCH = YES;
				SDKROOT = iphoneos;
				SWIFT_ACTIVE_COMPILATION_CONDITIONS = "DEBUG $(inherited)";
				SWIFT_OPTIMIZATION_LEVEL = "-Onone";
			};
			name = Debug;
		};
		B0A6FFD82D3D769D00D0CF15 /* Release */ = {
			isa = XCBuildConfiguration;
			buildSettings = {
				ALWAYS_SEARCH_USER_PATHS = NO;
				ASSETCATALOG_COMPILER_GENERATE_SWIFT_ASSET_SYMBOL_EXTENSIONS = YES;
				CLANG_ANALYZER_NONNULL = YES;
				CLANG_ANALYZER_NUMBER_OBJECT_CONVERSION = YES_AGGRESSIVE;
				CLANG_CXX_LANGUAGE_STANDARD = "gnu++20";
				CLANG_ENABLE_MODULES = YES;
				CLANG_ENABLE_OBJC_ARC = YES;
				CLANG_ENABLE_OBJC_WEAK = YES;
				CLANG_WARN_BLOCK_CAPTURE_AUTORELEASING = YES;
				CLANG_WARN_BOOL_CONVERSION = YES;
				CLANG_WARN_COMMA = YES;
				CLANG_WARN_CONSTANT_CONVERSION = YES;
				CLANG_WARN_DEPRECATED_OBJC_IMPLEMENTATIONS = YES;
				CLANG_WARN_DIRECT_OBJC_ISA_USAGE = YES_ERROR;
				CLANG_WARN_DOCUMENTATION_COMMENTS = YES;
				CLANG_WARN_EMPTY_BODY = YES;
				CLANG_WARN_ENUM_CONVERSION = YES;
				CLANG_WARN_INFINITE_RECURSION = YES;
				CLANG_WARN_INT_CONVERSION = YES;
				CLANG_WARN_NON_LITERAL_NULL_CONVERSION = YES;
				CLANG_WARN_OBJC_IMPLICIT_RETAIN_SELF = YES;
				CLANG_WARN_OBJC_LITERAL_CONVERSION = YES;
				CLANG_WARN_OBJC_ROOT_CLASS = YES_ERROR;
				CLANG_WARN_QUOTED_INCLUDE_IN_FRAMEWORK_HEADER = YES;
				CLANG_WARN_RANGE_LOOP_ANALYSIS = YES;
				CLANG_WARN_STRICT_PROTOTYPES = YES;
				CLANG_WARN_SUSPICIOUS_MOVE = YES;
				CLANG_WARN_UNGUARDED_AVAILABILITY = YES_AGGRESSIVE;
				CLANG_WARN_UNREACHABLE_CODE = YES;
				CLANG_WARN__DUPLICATE_METHOD_MATCH = YES;
				COPY_PHASE_STRIP = NO;
				DEBUG_INFORMATION_FORMAT = "dwarf-with-dsym";
				ENABLE_NS_ASSERTIONS = NO;
				ENABLE_STRICT_OBJC_MSGSEND = YES;
				ENABLE_USER_SCRIPT_SANDBOXING = YES;
				GCC_C_LANGUAGE_STANDARD = gnu17;
				GCC_NO_COMMON_BLOCKS = YES;
				GCC_WARN_64_TO_32_BIT_CONVERSION = YES;
				GCC_WARN_ABOUT_RETURN_TYPE = YES_ERROR;
				GCC_WARN_UNDECLARED_SELECTOR = YES;
				GCC_WARN_UNINITIALIZED_AUTOS = YES_AGGRESSIVE;
				GCC_WARN_UNUSED_FUNCTION = YES;
				GCC_WARN_UNUSED_VARIABLE = YES;
				IPHONEOS_DEPLOYMENT_TARGET = 17.2;
				LOCALIZATION_PREFERS_STRING_CATALOGS = YES;
				MTL_ENABLE_DEBUG_INFO = NO;
				MTL_FAST_MATH = YES;
				SDKROOT = iphoneos;
				SWIFT_COMPILATION_MODE = wholemodule;
				VALIDATE_PRODUCT = YES;
			};
			name = Release;
		};
		B0A6FFDA2D3D769D00D0CF15 /* Debug */ = {
			isa = XCBuildConfiguration;
			buildSettings = {
				ASSETCATALOG_COMPILER_APPICON_NAME = AppIcon;
				ASSETCATALOG_COMPILER_GLOBAL_ACCENT_COLOR_NAME = AccentColor;
				CODE_SIGN_ENTITLEMENTS = CloudKitPublicDBSyncTesting/CloudKitPublicDBSyncTesting.entitlements;
				CODE_SIGN_STYLE = Automatic;
				CURRENT_PROJECT_VERSION = 1;
				DEVELOPMENT_TEAM = K54LG8QGPL;
				GENERATE_INFOPLIST_FILE = YES;
				INFOPLIST_FILE = CloudKitPublicDBSyncTesting/Info.plist;
				INFOPLIST_KEY_UIApplicationSupportsIndirectInputEvents = YES;
				INFOPLIST_KEY_UILaunchStoryboardName = LaunchScreen;
				INFOPLIST_KEY_UIMainStoryboardFile = Main;
				INFOPLIST_KEY_UISupportedInterfaceOrientations_iPad = "UIInterfaceOrientationPortrait UIInterfaceOrientationPortraitUpsideDown UIInterfaceOrientationLandscapeLeft UIInterfaceOrientationLandscapeRight";
				INFOPLIST_KEY_UISupportedInterfaceOrientations_iPhone = "UIInterfaceOrientationPortrait UIInterfaceOrientationLandscapeLeft UIInterfaceOrientationLandscapeRight";
				LD_RUNPATH_SEARCH_PATHS = (
					"$(inherited)",
					"@executable_path/Frameworks",
				);
				MARKETING_VERSION = 1.0;
				PRODUCT_BUNDLE_IDENTIFIER = com.company.CloudKitPublicDBSyncTesting;
				PRODUCT_NAME = "$(TARGET_NAME)";
				SWIFT_EMIT_LOC_STRINGS = YES;
				SWIFT_VERSION = 5.0;
				TARGETED_DEVICE_FAMILY = "1,2";
			};
			name = Debug;
		};
		B0A6FFDB2D3D769D00D0CF15 /* Release */ = {
			isa = XCBuildConfiguration;
			buildSettings = {
				ASSETCATALOG_COMPILER_APPICON_NAME = AppIcon;
				ASSETCATALOG_COMPILER_GLOBAL_ACCENT_COLOR_NAME = AccentColor;
				CODE_SIGN_ENTITLEMENTS = CloudKitPublicDBSyncTesting/CloudKitPublicDBSyncTesting.entitlements;
				CODE_SIGN_STYLE = Automatic;
				CURRENT_PROJECT_VERSION = 1;
				DEVELOPMENT_TEAM = K54LG8QGPL;
				GENERATE_INFOPLIST_FILE = YES;
				INFOPLIST_FILE = CloudKitPublicDBSyncTesting/Info.plist;
				INFOPLIST_KEY_UIApplicationSupportsIndirectInputEvents = YES;
				INFOPLIST_KEY_UILaunchStoryboardName = LaunchScreen;
				INFOPLIST_KEY_UIMainStoryboardFile = Main;
				INFOPLIST_KEY_UISupportedInterfaceOrientations_iPad = "UIInterfaceOrientationPortrait UIInterfaceOrientationPortraitUpsideDown UIInterfaceOrientationLandscapeLeft UIInterfaceOrientationLandscapeRight";
				INFOPLIST_KEY_UISupportedInterfaceOrientations_iPhone = "UIInterfaceOrientationPortrait UIInterfaceOrientationLandscapeLeft UIInterfaceOrientationLandscapeRight";
				LD_RUNPATH_SEARCH_PATHS = (
					"$(inherited)",
					"@executable_path/Frameworks",
				);
				MARKETING_VERSION = 1.0;
				PRODUCT_BUNDLE_IDENTIFIER = com.company.CloudKitPublicDBSyncTesting;
				PRODUCT_NAME = "$(TARGET_NAME)";
				SWIFT_EMIT_LOC_STRINGS = YES;
				SWIFT_VERSION = 5.0;
				TARGETED_DEVICE_FAMILY = "1,2";
			};
			name = Release;
		};
/* End XCBuildConfiguration section */

/* Begin XCConfigurationList section */
		B0A6FFBC2D3D769C00D0CF15 /* Build configuration list for PBXProject "CloudKitPublicDBSyncTesting" */ = {
			isa = XCConfigurationList;
			buildConfigurations = (
				B0A6FFD72D3D769D00D0CF15 /* Debug */,
				B0A6FFD82D3D769D00D0CF15 /* Release */,
			);
			defaultConfigurationIsVisible = 0;
			defaultConfigurationName = Release;
		};
		B0A6FFD92D3D769D00D0CF15 /* Build configuration list for PBXNativeTarget "CloudKitPublicDBSyncTesting" */ = {
			isa = XCConfigurationList;
			buildConfigurations = (
				B0A6FFDA2D3D769D00D0CF15 /* Debug */,
				B0A6FFDB2D3D769D00D0CF15 /* Release */,
			);
			defaultConfigurationIsVisible = 0;
			defaultConfigurationName = Release;
		};
/* End XCConfigurationList section */

/* Begin XCVersionGroup section */
		B0A6FFCD2D3D769C00D0CF15 /* MyDatabase.xcdatamodeld */ = {
			isa = XCVersionGroup;
			children = (
				B0A6FFCE2D3D769C00D0CF15 /* CloudKitPublicDBSyncTesting.xcdatamodel */,
			);
			currentVersion = B0A6FFCE2D3D769C00D0CF15 /* CloudKitPublicDBSyncTesting.xcdatamodel */;
			path = MyDatabase.xcdatamodeld;
			sourceTree = "<group>";
			versionGroupType = wrapper.xcdatamodel;
		};
/* End XCVersionGroup section */
	};
	rootObject = B0A6FFB92D3D769C00D0CF15 /* Project object */;
}
